// !$*UTF8*$!
{
	archiveVersion = 1;
	classes = {
	};
	objectVersion = 50;
	objects = {

/* Begin PBXBuildFile section */
		3637AC3D27AA9B2500F17890 /* README.md in Resources */ = {isa = PBXBuildFile; fileRef = 3637AC3B27AA9B2500F17890 /* README.md */; };
		3637AC3F27AA9C6700F17890 /* ScoreView.swift in Sources */ = {isa = PBXBuildFile; fileRef = 3637AC3E27AA9C6700F17890 /* ScoreView.swift */; };
		3637AC4127AA9C8E00F17890 /* GameSettings.swift in Sources */ = {isa = PBXBuildFile; fileRef = 3637AC4027AA9C8E00F17890 /* GameSettings.swift */; };
		3637AC4327AA9CA400F17890 /* QuestionView.swift in Sources */ = {isa = PBXBuildFile; fileRef = 3637AC4227AA9CA400F17890 /* QuestionView.swift */; };
		3637AC4927AA9CD200F17890 /* MessageBubble.swift in Sources */ = {isa = PBXBuildFile; fileRef = 3637AC4827AA9CD200F17890 /* MessageBubble.swift */; };
		3637AC4B27AAAF2B00F17890 /* SettingsState.swift in Sources */ = {isa = PBXBuildFile; fileRef = 3637AC4A27AAAF2B00F17890 /* SettingsState.swift */; };
		3637AC4D27AAAF6300F17890 /* GameState.swift in Sources */ = {isa = PBXBuildFile; fileRef = 3637AC4C27AAAF6300F17890 /* GameState.swift */; };
		3661D5F627AAB6D700908F53 /* PlayButtonView.swift in Sources */ = {isa = PBXBuildFile; fileRef = 3661D5F527AAB6D700908F53 /* PlayButtonView.swift */; };
		3661D5F827AAB6E600908F53 /* ChoiceButtonsView.swift in Sources */ = {isa = PBXBuildFile; fileRef = 3661D5F727AAB6E600908F53 /* ChoiceButtonsView.swift */; };
		3669E07926A380CF00E14DF4 /* GameViewModel.swift in Sources */ = {isa = PBXBuildFile; fileRef = 3669E07826A380CF00E14DF4 /* GameViewModel.swift */; };
		36C964CD269CA014006CAEC1 /* MultiplicationGameApp.swift in Sources */ = {isa = PBXBuildFile; fileRef = 36C964CC269CA014006CAEC1 /* MultiplicationGameApp.swift */; };
		36C964CF269CA014006CAEC1 /* ContentView.swift in Sources */ = {isa = PBXBuildFile; fileRef = 36C964CE269CA014006CAEC1 /* ContentView.swift */; };
		36C964D1269CA015006CAEC1 /* Assets.xcassets in Resources */ = {isa = PBXBuildFile; fileRef = 36C964D0269CA015006CAEC1 /* Assets.xcassets */; };
		36C964D4269CA015006CAEC1 /* Preview Assets.xcassets in Resources */ = {isa = PBXBuildFile; fileRef = 36C964D3269CA015006CAEC1 /* Preview Assets.xcassets */; };
/* End PBXBuildFile section */

/* Begin PBXFileReference section */
		3637AC3B27AA9B2500F17890 /* README.md */ = {isa = PBXFileReference; fileEncoding = 4; lastKnownFileType = net.daringfireball.markdown; path = README.md; sourceTree = "<group>"; };
		3637AC3E27AA9C6700F17890 /* ScoreView.swift */ = {isa = PBXFileReference; lastKnownFileType = sourcecode.swift; path = ScoreView.swift; sourceTree = "<group>"; };
		3637AC4027AA9C8E00F17890 /* GameSettings.swift */ = {isa = PBXFileReference; lastKnownFileType = sourcecode.swift; name = GameSettings.swift; path = ../GameSettings.swift; sourceTree = "<group>"; };
		3637AC4227AA9CA400F17890 /* QuestionView.swift */ = {isa = PBXFileReference; lastKnownFileType = sourcecode.swift; name = QuestionView.swift; path = ../QuestionView.swift; sourceTree = "<group>"; };
		3637AC4827AA9CD200F17890 /* MessageBubble.swift */ = {isa = PBXFileReference; lastKnownFileType = sourcecode.swift; name = MessageBubble.swift; path = ../MessageBubble.swift; sourceTree = "<group>"; };
		3637AC4A27AAAF2B00F17890 /* SettingsState.swift */ = {isa = PBXFileReference; lastKnownFileType = sourcecode.swift; path = SettingsState.swift; sourceTree = "<group>"; };
		3637AC4C27AAAF6300F17890 /* GameState.swift */ = {isa = PBXFileReference; lastKnownFileType = sourcecode.swift; path = GameState.swift; sourceTree = "<group>"; };
		3661D5F527AAB6D700908F53 /* PlayButtonView.swift */ = {isa = PBXFileReference; lastKnownFileType = sourcecode.swift; path = PlayButtonView.swift; sourceTree = "<group>"; };
		3661D5F727AAB6E600908F53 /* ChoiceButtonsView.swift */ = {isa = PBXFileReference; lastKnownFileType = sourcecode.swift; path = ChoiceButtonsView.swift; sourceTree = "<group>"; };
		3669E07826A380CF00E14DF4 /* GameViewModel.swift */ = {isa = PBXFileReference; lastKnownFileType = sourcecode.swift; path = GameViewModel.swift; sourceTree = "<group>"; };
		36C964C9269CA014006CAEC1 /* MultiplicationGame.app */ = {isa = PBXFileReference; explicitFileType = wrapper.application; includeInIndex = 0; path = MultiplicationGame.app; sourceTree = BUILT_PRODUCTS_DIR; };
		36C964CC269CA014006CAEC1 /* MultiplicationGameApp.swift */ = {isa = PBXFileReference; lastKnownFileType = sourcecode.swift; path = MultiplicationGameApp.swift; sourceTree = "<group>"; };
		36C964CE269CA014006CAEC1 /* ContentView.swift */ = {isa = PBXFileReference; lastKnownFileType = sourcecode.swift; path = ContentView.swift; sourceTree = "<group>"; };
		36C964D0269CA015006CAEC1 /* Assets.xcassets */ = {isa = PBXFileReference; lastKnownFileType = folder.assetcatalog; path = Assets.xcassets; sourceTree = "<group>"; };
		36C964D3269CA015006CAEC1 /* Preview Assets.xcassets */ = {isa = PBXFileReference; lastKnownFileType = folder.assetcatalog; path = "Preview Assets.xcassets"; sourceTree = "<group>"; };
		36C964D5269CA015006CAEC1 /* Info.plist */ = {isa = PBXFileReference; lastKnownFileType = text.plist.xml; path = Info.plist; sourceTree = "<group>"; };
/* End PBXFileReference section */

/* Begin PBXFrameworksBuildPhase section */
		36C964C6269CA014006CAEC1 /* Frameworks */ = {
			isa = PBXFrameworksBuildPhase;
			buildActionMask = 2147483647;
			files = (
			);
			runOnlyForDeploymentPostprocessing = 0;
		};
/* End PBXFrameworksBuildPhase section */

/* Begin PBXGroup section */
		3637AC3927AA9B0800F17890 /* Screenshots */ = {
			isa = PBXGroup;
			children = (
			);
			path = Screenshots;
			sourceTree = "<group>";
		};
		3669E07C26A3831D00E14DF4 /* Views */ = {
			isa = PBXGroup;
			children = (
				3637AC4027AA9C8E00F17890 /* GameSettings.swift */,
				3637AC4827AA9CD200F17890 /* MessageBubble.swift */,
				3637AC4227AA9CA400F17890 /* QuestionView.swift */,
				3637AC3E27AA9C6700F17890 /* ScoreView.swift */,
				3661D5F527AAB6D700908F53 /* PlayButtonView.swift */,
				3661D5F727AAB6E600908F53 /* ChoiceButtonsView.swift */,
				3637AC4A27AAAF2B00F17890 /* SettingsState.swift */,
				3637AC4C27AAAF6300F17890 /* GameState.swift */,
			);
			path = Views;
			sourceTree = "<group>";
		};
		36C964C0269CA014006CAEC1 = {
			isa = PBXGroup;
			children = (
				3637AC3B27AA9B2500F17890 /* README.md */,
				3637AC3927AA9B0800F17890 /* Screenshots */,
				36C964CB269CA014006CAEC1 /* MultiplicationGame */,
				36C964CA269CA014006CAEC1 /* Products */,
			);
			sourceTree = "<group>";
		};
		36C964CA269CA014006CAEC1 /* Products */ = {
			isa = PBXGroup;
			children = (
				36C964C9269CA014006CAEC1 /* MultiplicationGame.app */,
			);
			name = Products;
			sourceTree = "<group>";
		};
		36C964CB269CA014006CAEC1 /* MultiplicationGame */ = {
			isa = PBXGroup;
			children = (
				3669E07C26A3831D00E14DF4 /* Views */,
				36C964CC269CA014006CAEC1 /* MultiplicationGameApp.swift */,
				36C964CE269CA014006CAEC1 /* ContentView.swift */,
				3669E07826A380CF00E14DF4 /* GameViewModel.swift */,
				36C964D0269CA015006CAEC1 /* Assets.xcassets */,
				36C964D5269CA015006CAEC1 /* Info.plist */,
				36C964D2269CA015006CAEC1 /* Preview Content */,
			);
			path = MultiplicationGame;
			sourceTree = "<group>";
		};
		36C964D2269CA015006CAEC1 /* Preview Content */ = {
			isa = PBXGroup;
			children = (
				36C964D3269CA015006CAEC1 /* Preview Assets.xcassets */,
			);
			path = "Preview Content";
			sourceTree = "<group>";
		};
/* End PBXGroup section */

/* Begin PBXNativeTarget section */
		36C964C8269CA014006CAEC1 /* MultiplicationGame */ = {
			isa = PBXNativeTarget;
			buildConfigurationList = 36C964D8269CA015006CAEC1 /* Build configuration list for PBXNativeTarget "MultiplicationGame" */;
			buildPhases = (
				36C964C5269CA014006CAEC1 /* Sources */,
				36C964C6269CA014006CAEC1 /* Frameworks */,
				36C964C7269CA014006CAEC1 /* Resources */,
			);
			buildRules = (
			);
			dependencies = (
			);
			name = MultiplicationGame;
			productName = MultiplicationGame;
			productReference = 36C964C9269CA014006CAEC1 /* MultiplicationGame.app */;
			productType = "com.apple.product-type.application";
		};
/* End PBXNativeTarget section */

/* Begin PBXProject section */
		36C964C1269CA014006CAEC1 /* Project object */ = {
			isa = PBXProject;
			attributes = {
				LastSwiftUpdateCheck = 1250;
				LastUpgradeCheck = 1250;
				TargetAttributes = {
					36C964C8269CA014006CAEC1 = {
						CreatedOnToolsVersion = 12.5;
					};
				};
			};
			buildConfigurationList = 36C964C4269CA014006CAEC1 /* Build configuration list for PBXProject "MultiplicationGame" */;
			compatibilityVersion = "Xcode 9.3";
			developmentRegion = en;
			hasScannedForEncodings = 0;
			knownRegions = (
				en,
				Base,
			);
			mainGroup = 36C964C0269CA014006CAEC1;
			productRefGroup = 36C964CA269CA014006CAEC1 /* Products */;
			projectDirPath = "";
			projectRoot = "";
			targets = (
				36C964C8269CA014006CAEC1 /* MultiplicationGame */,
			);
		};
/* End PBXProject section */

/* Begin PBXResourcesBuildPhase section */
		36C964C7269CA014006CAEC1 /* Resources */ = {
			isa = PBXResourcesBuildPhase;
			buildActionMask = 2147483647;
			files = (
				36C964D4269CA015006CAEC1 /* Preview Assets.xcassets in Resources */,
				36C964D1269CA015006CAEC1 /* Assets.xcassets in Resources */,
				3637AC3D27AA9B2500F17890 /* README.md in Resources */,
			);
			runOnlyForDeploymentPostprocessing = 0;
		};
/* End PBXResourcesBuildPhase section */

/* Begin PBXSourcesBuildPhase section */
		36C964C5269CA014006CAEC1 /* Sources */ = {
			isa = PBXSourcesBuildPhase;
			buildActionMask = 2147483647;
			files = (
				3637AC4B27AAAF2B00F17890 /* SettingsState.swift in Sources */,
				3637AC3F27AA9C6700F17890 /* ScoreView.swift in Sources */,
				3637AC4127AA9C8E00F17890 /* GameSettings.swift in Sources */,
				36C964CF269CA014006CAEC1 /* ContentView.swift in Sources */,
				36C964CD269CA014006CAEC1 /* MultiplicationGameApp.swift in Sources */,
				3637AC4927AA9CD200F17890 /* MessageBubble.swift in Sources */,
				3637AC4327AA9CA400F17890 /* QuestionView.swift in Sources */,
				3661D5F627AAB6D700908F53 /* PlayButtonView.swift in Sources */,
				3637AC4D27AAAF6300F17890 /* GameState.swift in Sources */,
				3669E07926A380CF00E14DF4 /* GameViewModel.swift in Sources */,
				3661D5F827AAB6E600908F53 /* ChoiceButtonsView.swift in Sources */,
			);
			runOnlyForDeploymentPostprocessing = 0;
		};
/* End PBXSourcesBuildPhase section */

/* Begin XCBuildConfiguration section */
		36C964D6269CA015006CAEC1 /* Debug */ = {
			isa = XCBuildConfiguration;
			buildSettings = {
				ALWAYS_SEARCH_USER_PATHS = NO;
				CLANG_ANALYZER_NONNULL = YES;
				CLANG_ANALYZER_NUMBER_OBJECT_CONVERSION = YES_AGGRESSIVE;
				CLANG_CXX_LANGUAGE_STANDARD = "gnu++14";
				CLANG_CXX_LIBRARY = "libc++";
				CLANG_ENABLE_MODULES = YES;
				CLANG_ENABLE_OBJC_ARC = YES;
				CLANG_ENABLE_OBJC_WEAK = YES;
				CLANG_WARN_BLOCK_CAPTURE_AUTORELEASING = YES;
				CLANG_WARN_BOOL_CONVERSION = YES;
				CLANG_WARN_COMMA = YES;
				CLANG_WARN_CONSTANT_CONVERSION = YES;
				CLANG_WARN_DEPRECATED_OBJC_IMPLEMENTATIONS = YES;
				CLANG_WARN_DIRECT_OBJC_ISA_USAGE = YES_ERROR;
				CLANG_WARN_DOCUMENTATION_COMMENTS = YES;
				CLANG_WARN_EMPTY_BODY = YES;
				CLANG_WARN_ENUM_CONVERSION = YES;
				CLANG_WARN_INFINITE_RECURSION = YES;
				CLANG_WARN_INT_CONVERSION = YES;
				CLANG_WARN_NON_LITERAL_NULL_CONVERSION = YES;
				CLANG_WARN_OBJC_IMPLICIT_RETAIN_SELF = YES;
				CLANG_WARN_OBJC_LITERAL_CONVERSION = YES;
				CLANG_WARN_OBJC_ROOT_CLASS = YES_ERROR;
				CLANG_WARN_QUOTED_INCLUDE_IN_FRAMEWORK_HEADER = YES;
				CLANG_WARN_RANGE_LOOP_ANALYSIS = YES;
				CLANG_WARN_STRICT_PROTOTYPES = YES;
				CLANG_WARN_SUSPICIOUS_MOVE = YES;
				CLANG_WARN_UNGUARDED_AVAILABILITY = YES_AGGRESSIVE;
				CLANG_WARN_UNREACHABLE_CODE = YES;
				CLANG_WARN__DUPLICATE_METHOD_MATCH = YES;
				COPY_PHASE_STRIP = NO;
				DEBUG_INFORMATION_FORMAT = dwarf;
				ENABLE_STRICT_OBJC_MSGSEND = YES;
				ENABLE_TESTABILITY = YES;
				GCC_C_LANGUAGE_STANDARD = gnu11;
				GCC_DYNAMIC_NO_PIC = NO;
				GCC_NO_COMMON_BLOCKS = YES;
				GCC_OPTIMIZATION_LEVEL = 0;
				GCC_PREPROCESSOR_DEFINITIONS = (
					"DEBUG=1",
					"$(inherited)",
				);
				GCC_WARN_64_TO_32_BIT_CONVERSION = YES;
				GCC_WARN_ABOUT_RETURN_TYPE = YES_ERROR;
				GCC_WARN_UNDECLARED_SELECTOR = YES;
				GCC_WARN_UNINITIALIZED_AUTOS = YES_AGGRESSIVE;
				GCC_WARN_UNUSED_FUNCTION = YES;
				GCC_WARN_UNUSED_VARIABLE = YES;
				IPHONEOS_DEPLOYMENT_TARGET = 15.0;
				MTL_ENABLE_DEBUG_INFO = INCLUDE_SOURCE;
				MTL_FAST_MATH = YES;
				ONLY_ACTIVE_ARCH = YES;
				SDKROOT = iphoneos;
				SWIFT_ACTIVE_COMPILATION_CONDITIONS = DEBUG;
				SWIFT_OPTIMIZATION_LEVEL = "-Onone";
			};
			name = Debug;
		};
		36C964D7269CA015006CAEC1 /* Release */ = {
			isa = XCBuildConfiguration;
			buildSettings = {
				ALWAYS_SEARCH_USER_PATHS = NO;
				CLANG_ANALYZER_NONNULL = YES;
				CLANG_ANALYZER_NUMBER_OBJECT_CONVERSION = YES_AGGRESSIVE;
				CLANG_CXX_LANGUAGE_STANDARD = "gnu++14";
				CLANG_CXX_LIBRARY = "libc++";
				CLANG_ENABLE_MODULES = YES;
				CLANG_ENABLE_OBJC_ARC = YES;
				CLANG_ENABLE_OBJC_WEAK = YES;
				CLANG_WARN_BLOCK_CAPTURE_AUTORELEASING = YES;
				CLANG_WARN_BOOL_CONVERSION = YES;
				CLANG_WARN_COMMA = YES;
				CLANG_WARN_CONSTANT_CONVERSION = YES;
				CLANG_WARN_DEPRECATED_OBJC_IMPLEMENTATIONS = YES;
				CLANG_WARN_DIRECT_OBJC_ISA_USAGE = YES_ERROR;
				CLANG_WARN_DOCUMENTATION_COMMENTS = YES;
				CLANG_WARN_EMPTY_BODY = YES;
				CLANG_WARN_ENUM_CONVERSION = YES;
				CLANG_WARN_INFINITE_RECURSION = YES;
				CLANG_WARN_INT_CONVERSION = YES;
				CLANG_WARN_NON_LITERAL_NULL_CONVERSION = YES;
				CLANG_WARN_OBJC_IMPLICIT_RETAIN_SELF = YES;
				CLANG_WARN_OBJC_LITERAL_CONVERSION = YES;
				CLANG_WARN_OBJC_ROOT_CLASS = YES_ERROR;
				CLANG_WARN_QUOTED_INCLUDE_IN_FRAMEWORK_HEADER = YES;
				CLANG_WARN_RANGE_LOOP_ANALYSIS = YES;
				CLANG_WARN_STRICT_PROTOTYPES = YES;
				CLANG_WARN_SUSPICIOUS_MOVE = YES;
				CLANG_WARN_UNGUARDED_AVAILABILITY = YES_AGGRESSIVE;
				CLANG_WARN_UNREACHABLE_CODE = YES;
				CLANG_WARN__DUPLICATE_METHOD_MATCH = YES;
				COPY_PHASE_STRIP = NO;
				DEBUG_INFORMATION_FORMAT = "dwarf-with-dsym";
				ENABLE_NS_ASSERTIONS = NO;
				ENABLE_STRICT_OBJC_MSGSEND = YES;
				GCC_C_LANGUAGE_STANDARD = gnu11;
				GCC_NO_COMMON_BLOCKS = YES;
				GCC_WARN_64_TO_32_BIT_CONVERSION = YES;
				GCC_WARN_ABOUT_RETURN_TYPE = YES_ERROR;
				GCC_WARN_UNDECLARED_SELECTOR = YES;
				GCC_WARN_UNINITIALIZED_AUTOS = YES_AGGRESSIVE;
				GCC_WARN_UNUSED_FUNCTION = YES;
				GCC_WARN_UNUSED_VARIABLE = YES;
				IPHONEOS_DEPLOYMENT_TARGET = 15.0;
				MTL_ENABLE_DEBUG_INFO = NO;
				MTL_FAST_MATH = YES;
				SDKROOT = iphoneos;
				SWIFT_COMPILATION_MODE = wholemodule;
				SWIFT_OPTIMIZATION_LEVEL = "-O";
				VALIDATE_PRODUCT = YES;
			};
			name = Release;
		};
		36C964D9269CA015006CAEC1 /* Debug */ = {
			isa = XCBuildConfiguration;
			buildSettings = {
				ASSETCATALOG_COMPILER_APPICON_NAME = AppIcon;
				ASSETCATALOG_COMPILER_GLOBAL_ACCENT_COLOR_NAME = AccentColor;
				DEVELOPMENT_ASSET_PATHS = "\"MultiplicationGame/Preview Content\"";
				DEVELOPMENT_TEAM = 32L9LV3KSY;
				ENABLE_PREVIEWS = YES;
				INFOPLIST_FILE = MultiplicationGame/Info.plist;
				IPHONEOS_DEPLOYMENT_TARGET = 15.0;
				LD_RUNPATH_SEARCH_PATHS = (
					"$(inherited)",
					"@executable_path/Frameworks",
				);
				PRODUCT_BUNDLE_IDENTIFIER = me.canbi.MultiplicationGame;
				PRODUCT_NAME = "$(TARGET_NAME)";
				SWIFT_VERSION = 5.0;
				TARGETED_DEVICE_FAMILY = "1,2";
			};
			name = Debug;
		};
		36C964DA269CA015006CAEC1 /* Release */ = {
			isa = XCBuildConfiguration;
			buildSettings = {
				ASSETCATALOG_COMPILER_APPICON_NAME = AppIcon;
				ASSETCATALOG_COMPILER_GLOBAL_ACCENT_COLOR_NAME = AccentColor;
				DEVELOPMENT_ASSET_PATHS = "\"MultiplicationGame/Preview Content\"";
				DEVELOPMENT_TEAM = 32L9LV3KSY;
				ENABLE_PREVIEWS = YES;
				INFOPLIST_FILE = MultiplicationGame/Info.plist;
				IPHONEOS_DEPLOYMENT_TARGET = 15.0;
				LD_RUNPATH_SEARCH_PATHS = (
					"$(inherited)",
					"@executable_path/Frameworks",
				);
				PRODUCT_BUNDLE_IDENTIFIER = me.canbi.MultiplicationGame;
				PRODUCT_NAME = "$(TARGET_NAME)";
				SWIFT_VERSION = 5.0;
				TARGETED_DEVICE_FAMILY = "1,2";
			};
			name = Release;
		};
/* End XCBuildConfiguration section */

/* Begin XCConfigurationList section */
		36C964C4269CA014006CAEC1 /* Build configuration list for PBXProject "MultiplicationGame" */ = {
			isa = XCConfigurationList;
			buildConfigurations = (
				36C964D6269CA015006CAEC1 /* Debug */,
				36C964D7269CA015006CAEC1 /* Release */,
			);
			defaultConfigurationIsVisible = 0;
			defaultConfigurationName = Release;
		};
		36C964D8269CA015006CAEC1 /* Build configuration list for PBXNativeTarget "MultiplicationGame" */ = {
			isa = XCConfigurationList;
			buildConfigurations = (
				36C964D9269CA015006CAEC1 /* Debug */,
				36C964DA269CA015006CAEC1 /* Release */,
			);
			defaultConfigurationIsVisible = 0;
			defaultConfigurationName = Release;
		};
/* End XCConfigurationList section */
	};
	rootObject = 36C964C1269CA014006CAEC1 /* Project object */;
}
